{
    "name": "hotel-planner-lambda-layers",
    "version": "1.0.2",
    "lockfileVersion": 3,
    "requires": true,
    "packages": {
        "": {
            "name": "hotel-planner-lambda-layers",
            "version": "1.0.2",
            "license": "ISC",
            "devDependencies": {}
        }
    }
}
